{
  "nodes": {
    "ciel": {
      "inputs": {
        "nix-eda": [
          "nix-eda"
        ]
      },
      "locked": {
        "lastModified": 1781534696,
        "narHash": "sha256-O2HgkRzTWd8GjMEkQZw9F4Re7zYIxZ+gPjs3gwy4DqE=",
        "owner": "fossi-foundation",
        "repo": "ciel",
        "rev": "6978e6b37970e91049542ece6e26b49a1505ff87",
        "type": "github"
      },
      "original": {
        "owner": "fossi-foundation",
        "ref": "2.5.1",
        "repo": "ciel",
        "type": "github"
      }
    },
    "devshell": {
      "inputs": {
        "nixpkgs": [
          "nix-eda",
          "nixpkgs"
        ]
      },
      "locked": {
        "lastModified": 1768818222,
        "narHash": "sha256-460jc0+CZfyaO8+w8JNtlClB2n4ui1RbHfPTLkpwhU8=",
        "owner": "numtide",
        "repo": "devshell",
        "rev": "255a2b1725a20d060f566e4755dbf571bbbb5f76",
        "type": "github"
      },
      "original": {
        "owner": "numtide",
        "repo": "devshell",
        "type": "github"
      }
    },
    "flake-compat": {
      "locked": {
        "lastModified": 1733328505,
        "narHash": "sha256-NeCCThCEP3eCl2l/+27kNNK7QrwZB1IJCrXfrbv5oqU=",
        "rev": "ff81ac966bb2cae68946d5ed5fc4994f96d0ffec",
        "revCount": 69,
        "type": "tarball",
        "url": "https://api.flakehub.com/f/pinned/edolstra/flake-compat/1.1.0/01948eb7-9cba-704f-bbf3-3fa956735b52/source.tar.gz?rev=ff81ac966bb2cae68946d5ed5fc4994f96d0ffec&revCount=69"
      },
      "original": {
        "type": "tarball",
        "url": "https://flakehub.com/f/edolstra/flake-compat/1.tar.gz"
      }
    },
    "nix-eda": {
      "inputs": {
        "nixpkgs": "nixpkgs"
      },
      "locked": {
        "lastModified": 1783411770,
        "narHash": "sha256-1YZhhAOW2L9Ze4Ilq+VOVHtD+nnrexrmOe1IAn3NDY0=",
        "owner": "fossi-foundation",
        "repo": "nix-eda",
        "rev": "562563766e28276783c106b1bc095098e704f4d4",
        "type": "github"
      },
      "original": {
        "owner": "fossi-foundation",
        "ref": "donn/nixos-26.05",
        "repo": "nix-eda",
        "type": "github"
      }
    },
    "nixpkgs": {
      "locked": {
        "lastModified": 1780734595,
        "narHash": "sha256-DmTfP92QFYRLOGXlMIE54MAgxSJjDWocl3gRNOu72Os=",
        "owner": "nixos",
        "repo": "nixpkgs",
        "rev": "9b696460ac78b5ccfc17c854d8c976f20456e943",
        "type": "github"
      },
      "original": {
        "owner": "nixos",
        "ref": "nixos-26.05",
        "repo": "nixpkgs",
        "type": "github"
      }
    },
    "root": {
      "inputs": {
        "ciel": "ciel",
        "devshell": "devshell",
        "flake-compat": "flake-compat",
        "nix-eda": "nix-eda"
      }
    }
  },
  "root": "root",
  "version": 7
}
